
Microsoft Visual Studio Solution File, Format Version 12.00
# Visual Studio Version 17
VisualStudioVersion = 17.3.32922.545
MinimumVisualStudioVersion = 10.0.40219.1
Project("{FAE04EC0-301F-11D3-BF4B-00C04F79EFBC}") = "модуль2", "модуль2\модуль2.csproj", "{109CC287-D0AB-4B26-8543-F553610B1CAD}"
EndProject
Global
	GlobalSection(SolutionConfigurationPlatforms) = preSolution
		Debug|Any CPU = Debug|Any CPU
		Release|Any CPU = Release|Any CPU
	EndGlobalSection
	GlobalSection(ProjectConfigurationPlatforms) = postSolution
		{109CC287-D0AB-4B26-8543-F553610B1CAD}.Debug|Any CPU.ActiveCfg = Debug|Any CPU
		{109CC287-D0AB-4B26-8543-F553610B1CAD}.Debug|Any CPU.Build.0 = Debug|Any CPU
		{109CC287-D0AB-4B26-8543-F553610B1CAD}.Release|Any CPU.ActiveCfg = Release|Any CPU
		{109CC287-D0AB-4B26-8543-F553610B1CAD}.Release|Any CPU.Build.0 = Release|Any CPU
	EndGlobalSection
	GlobalSection(SolutionProperties) = preSolution
		HideSolutionNode = FALSE
	EndGlobalSection
	GlobalSection(ExtensibilityGlobals) = postSolution
		SolutionGuid = {DC823497-A650-4307-9CFD-8418E4F3FE06}
	EndGlobalSection
EndGlobal
